{
  "version": 4,
  "terraform_version": "1.11.4",
  "serial": 18,
  "lineage": "aeb8695b-7615-8c3b-2c6d-e15df3696e76",
  "outputs": {
    "lambda_url": {
      "value": "https://a2o3zyvrqnisoowjhib7y4nrne0wyqxr.lambda-url.us-east-1.on.aws/",
      "type": "string"
    }
  },
  "resources": [
    {
      "mode": "data",
      "type": "archive_file",
      "name": "lambda_code",
      "provider": "provider[\"registry.terraform.io/hashicorp/archive\"]",
      "instances": [
        {
          "schema_version": 0,
          "attributes": {
            "exclude_symlink_directories": null,
            "excludes": null,
            "id": "89a2ef62c0e3ad04dd979c78dab7b72d129adf56",
            "output_base64sha256": "i0uuZzcVTLsHjOc5uO1UKvqPwt4XrbLXGndBO2xMQiQ=",
            "output_base64sha512": "OSdw38QdDD3Map3wfalUEwyBk9t/ccCG/+I9c57cvTD+ArylPZWNmPEFxtaGcB9+ByNGuGPYTt8QYT/nh0+pGQ==",
            "output_file_mode": null,
            "output_md5": "81a01359a0b9e1a540d74b0902861814",
            "output_path": "./lambda.zip",
            "output_sha": "89a2ef62c0e3ad04dd979c78dab7b72d129adf56",
            "output_sha256": "8b4bae6737154cbb078ce739b8ed542afa8fc2de17adb2d71a77413b6c4c4224",
            "output_sha512": "392770dfc41d0c3dcc6a9df07da954130c8193db7f71c086ffe23d739edcbd30fe02bca53d958d98f105c6d686701f7e072346b863d84edf10613fe7874fa919",
            "output_size": 256,
            "source": [],
            "source_content": null,
            "source_content_filename": null,
            "source_dir": null,
            "source_file": "./build/index.mjs",
            "type": "zip"
          },
          "sensitive_attributes": []
        }
      ]
    },
    {
      "mode": "data",
      "type": "aws_caller_identity",
      "name": "current",
      "provider": "provider[\"registry.terraform.io/hashicorp/aws\"]",
      "instances": [
        {
          "schema_version": 0,
          "attributes": {
            "account_id": "454292364057",
            "arn": "arn:aws:iam::454292364057:user/udemy-terraform",
            "id": "454292364057",
            "user_id": "AIDAWTRPPLMMQUR67HJOI"
          },
          "sensitive_attributes": []
        }
      ]
    },
    {
      "mode": "data",
      "type": "aws_iam_policy_document",
      "name": "assume_lambda_execution_role",
      "provider": "provider[\"registry.terraform.io/hashicorp/aws\"]",
      "instances": [
        {
          "schema_version": 0,
          "attributes": {
            "id": "2690255455",
            "json": "{\n  \"Version\": \"2012-10-17\",\n  \"Statement\": [\n    {\n      \"Effect\": \"Allow\",\n      \"Action\": \"sts:AssumeRole\",\n      \"Principal\": {\n        \"Service\": \"lambda.amazonaws.com\"\n      }\n    }\n  ]\n}",
            "minified_json": "{\"Version\":\"2012-10-17\",\"Statement\":[{\"Effect\":\"Allow\",\"Action\":\"sts:AssumeRole\",\"Principal\":{\"Service\":\"lambda.amazonaws.com\"}}]}",
            "override_json": null,
            "override_policy_documents": null,
            "policy_id": null,
            "source_json": null,
            "source_policy_documents": null,
            "statement": [
              {
                "actions": [
                  "sts:AssumeRole"
                ],
                "condition": [],
                "effect": "Allow",
                "not_actions": [],
                "not_principals": [],
                "not_resources": [],
                "principals": [
                  {
                    "identifiers": [
                      "lambda.amazonaws.com"
                    ],
                    "type": "Service"
                  }
                ],
                "resources": [],
                "sid": ""
              }
            ],
            "version": "2012-10-17"
          },
          "sensitive_attributes": []
        }
      ]
    },
    {
      "mode": "data",
      "type": "aws_iam_policy_document",
      "name": "lambda_execution",
      "provider": "provider[\"registry.terraform.io/hashicorp/aws\"]",
      "instances": [
        {
          "schema_version": 0,
          "attributes": {
            "id": "2449081995",
            "json": "{\n  \"Version\": \"2012-10-17\",\n  \"Statement\": [\n    {\n      \"Effect\": \"Allow\",\n      \"Action\": \"logs:CreateLogGroup\",\n      \"Resource\": \"arn:aws:logs:us-east-1:454292364057:*\"\n    },\n    {\n      \"Effect\": \"Allow\",\n      \"Action\": [\n        \"logs:PutLogEvents\",\n        \"logs:CreateLogStream\"\n      ],\n      \"Resource\": \"arn:aws:logs:us-east-1:454292364057:log-group:/aws/lambda/manually-created-lambda:*\"\n    }\n  ]\n}",
            "minified_json": "{\"Version\":\"2012-10-17\",\"Statement\":[{\"Effect\":\"Allow\",\"Action\":\"logs:CreateLogGroup\",\"Resource\":\"arn:aws:logs:us-east-1:454292364057:*\"},{\"Effect\":\"Allow\",\"Action\":[\"logs:PutLogEvents\",\"logs:CreateLogStream\"],\"Resource\":\"arn:aws:logs:us-east-1:454292364057:log-group:/aws/lambda/manually-created-lambda:*\"}]}",
            "override_json": null,
            "override_policy_documents": null,
            "policy_id": null,
            "source_json": null,
            "source_policy_documents": null,
            "statement": [
              {
                "actions": [
                  "logs:CreateLogGroup"
                ],
                "condition": [],
                "effect": "Allow",
                "not_actions": [],
                "not_principals": [],
                "not_resources": [],
                "principals": [],
                "resources": [
                  "arn:aws:logs:us-east-1:454292364057:*"
                ],
                "sid": ""
              },
              {
                "actions": [
                  "logs:CreateLogStream",
                  "logs:PutLogEvents"
                ],
                "condition": [],
                "effect": "Allow",
                "not_actions": [],
                "not_principals": [],
                "not_resources": [],
                "principals": [],
                "resources": [
                  "arn:aws:logs:us-east-1:454292364057:log-group:/aws/lambda/manually-created-lambda:*"
                ],
                "sid": ""
              }
            ],
            "version": "2012-10-17"
          },
          "sensitive_attributes": []
        }
      ]
    },
    {
      "mode": "data",
      "type": "aws_region",
      "name": "current",
      "provider": "provider[\"registry.terraform.io/hashicorp/aws\"]",
      "instances": [
        {
          "schema_version": 0,
          "attributes": {
            "description": "US East (N. Virginia)",
            "endpoint": "ec2.us-east-1.amazonaws.com",
            "id": "us-east-1",
            "name": "us-east-1"
          },
          "sensitive_attributes": []
        }
      ]
    },
    {
      "mode": "managed",
      "type": "aws_cloudwatch_log_group",
      "name": "lambda",
      "provider": "provider[\"registry.terraform.io/hashicorp/aws\"]",
      "instances": [
        {
          "schema_version": 0,
          "attributes": {
            "arn": "arn:aws:logs:us-east-1:454292364057:log-group:/aws/lambda/manually-created-lambda",
            "id": "/aws/lambda/manually-created-lambda",
            "kms_key_id": "",
            "log_group_class": "STANDARD",
            "name": "/aws/lambda/manually-created-lambda",
            "name_prefix": "",
            "retention_in_days": 0,
            "skip_destroy": false,
            "tags": {},
            "tags_all": {
              "ManagedBy": "Terraform",
              "Project": "proj03-import-lambda"
            }
          },
          "sensitive_attributes": [],
          "private": "bnVsbA=="
        }
      ]
    },
    {
      "mode": "managed",
      "type": "aws_iam_policy",
      "name": "lambda_execution",
      "provider": "provider[\"registry.terraform.io/hashicorp/aws\"]",
      "instances": [
        {
          "schema_version": 0,
          "attributes": {
            "arn": "arn:aws:iam::454292364057:policy/service-role/AWSLambdaBasicExecutionRole-e5fc929b-c9c4-44aa-a73d-ca2311dba89d",
            "attachment_count": 1,
            "description": "",
            "id": "arn:aws:iam::454292364057:policy/service-role/AWSLambdaBasicExecutionRole-e5fc929b-c9c4-44aa-a73d-ca2311dba89d",
            "name": "AWSLambdaBasicExecutionRole-e5fc929b-c9c4-44aa-a73d-ca2311dba89d",
            "name_prefix": "",
            "path": "/service-role/",
            "policy": "{\"Statement\":[{\"Action\":\"logs:CreateLogGroup\",\"Effect\":\"Allow\",\"Resource\":\"arn:aws:logs:us-east-1:454292364057:*\"},{\"Action\":[\"logs:CreateLogStream\",\"logs:PutLogEvents\"],\"Effect\":\"Allow\",\"Resource\":[\"arn:aws:logs:us-east-1:454292364057:log-group:/aws/lambda/manually-created-lambda:*\"]}],\"Version\":\"2012-10-17\"}",
            "policy_id": "ANPAWTRPPLMMWQ42RXSX6",
            "tags": {},
            "tags_all": {
              "ManagedBy": "Terraform",
              "Project": "proj03-import-lambda"
            }
          },
          "sensitive_attributes": [],
          "private": "bnVsbA==",
          "dependencies": [
            "aws_cloudwatch_log_group.lambda",
            "data.aws_caller_identity.current",
            "data.aws_iam_policy_document.lambda_execution",
            "data.aws_region.current"
          ]
        }
      ]
    },
    {
      "mode": "managed",
      "type": "aws_iam_role",
      "name": "lambda_execution_role",
      "provider": "provider[\"registry.terraform.io/hashicorp/aws\"]",
      "instances": [
        {
          "schema_version": 0,
          "attributes": {
            "arn": "arn:aws:iam::454292364057:role/service-role/manually-created-lambda-role-8i5ok15b",
            "assume_role_policy": "{\"Statement\":[{\"Action\":\"sts:AssumeRole\",\"Effect\":\"Allow\",\"Principal\":{\"Service\":\"lambda.amazonaws.com\"}}],\"Version\":\"2012-10-17\"}",
            "create_date": "2025-05-27T04:30:18Z",
            "description": "",
            "force_detach_policies": false,
            "id": "manually-created-lambda-role-8i5ok15b",
            "inline_policy": [],
            "managed_policy_arns": [
              "arn:aws:iam::454292364057:policy/service-role/AWSLambdaBasicExecutionRole-e5fc929b-c9c4-44aa-a73d-ca2311dba89d"
            ],
            "max_session_duration": 3600,
            "name": "manually-created-lambda-role-8i5ok15b",
            "name_prefix": "",
            "path": "/service-role/",
            "permissions_boundary": "",
            "tags": {},
            "tags_all": {
              "ManagedBy": "Terraform",
              "Project": "proj03-import-lambda"
            },
            "unique_id": "AROAWTRPPLMMZAPOW654G"
          },
          "sensitive_attributes": [],
          "private": "bnVsbA==",
          "dependencies": [
            "data.aws_iam_policy_document.assume_lambda_execution_role"
          ]
        }
      ]
    },
    {
      "mode": "managed",
      "type": "aws_iam_role_policy_attachment",
      "name": "lambda_execution",
      "provider": "provider[\"registry.terraform.io/hashicorp/aws\"]",
      "instances": [
        {
          "schema_version": 0,
          "attributes": {
            "id": "manually-created-lambda-role-8i5ok15b-20250527055723023100000001",
            "policy_arn": "arn:aws:iam::454292364057:policy/service-role/AWSLambdaBasicExecutionRole-e5fc929b-c9c4-44aa-a73d-ca2311dba89d",
            "role": "manually-created-lambda-role-8i5ok15b"
          },
          "sensitive_attributes": [],
          "private": "bnVsbA==",
          "dependencies": [
            "aws_cloudwatch_log_group.lambda",
            "aws_iam_policy.lambda_execution",
            "aws_iam_role.lambda_execution_role",
            "data.aws_caller_identity.current",
            "data.aws_iam_policy_document.assume_lambda_execution_role",
            "data.aws_iam_policy_document.lambda_execution",
            "data.aws_region.current"
          ]
        }
      ]
    },
    {
      "mode": "managed",
      "type": "aws_lambda_function",
      "name": "this",
      "provider": "provider[\"registry.terraform.io/hashicorp/aws\"]",
      "instances": [
        {
          "schema_version": 0,
          "attributes": {
            "architectures": [
              "x86_64"
            ],
            "arn": "arn:aws:lambda:us-east-1:454292364057:function:manually-created-lambda",
            "code_sha256": "i0uuZzcVTLsHjOc5uO1UKvqPwt4XrbLXGndBO2xMQiQ=",
            "code_signing_config_arn": "",
            "dead_letter_config": [],
            "description": "A starter AWS Lambda function.",
            "environment": [],
            "ephemeral_storage": [
              {
                "size": 512
              }
            ],
            "file_system_config": [],
            "filename": "lambda.zip",
            "function_name": "manually-created-lambda",
            "handler": "index.handler",
            "id": "manually-created-lambda",
            "image_config": [],
            "image_uri": "",
            "invoke_arn": "arn:aws:apigateway:us-east-1:lambda:path/2015-03-31/functions/arn:aws:lambda:us-east-1:454292364057:function:manually-created-lambda/invocations",
            "kms_key_arn": "",
            "last_modified": "2025-05-27T06:38:10.000+0000",
            "layers": [],
            "logging_config": [
              {
                "application_log_level": "",
                "log_format": "Text",
                "log_group": "/aws/lambda/manually-created-lambda",
                "system_log_level": ""
              }
            ],
            "memory_size": 128,
            "package_type": "Zip",
            "publish": false,
            "qualified_arn": "arn:aws:lambda:us-east-1:454292364057:function:manually-created-lambda:$LATEST",
            "qualified_invoke_arn": "arn:aws:apigateway:us-east-1:lambda:path/2015-03-31/functions/arn:aws:lambda:us-east-1:454292364057:function:manually-created-lambda:$LATEST/invocations",
            "replace_security_groups_on_destroy": null,
            "replacement_security_group_ids": null,
            "reserved_concurrent_executions": -1,
            "role": "arn:aws:iam::454292364057:role/service-role/manually-created-lambda-role-8i5ok15b",
            "runtime": "nodejs18.x",
            "s3_bucket": null,
            "s3_key": null,
            "s3_object_version": null,
            "signing_job_arn": "",
            "signing_profile_version_arn": "",
            "skip_destroy": false,
            "snap_start": [],
            "source_code_hash": "i0uuZzcVTLsHjOc5uO1UKvqPwt4XrbLXGndBO2xMQiQ=",
            "source_code_size": 256,
            "tags": {
              "lambda-console:blueprint": "hello-world"
            },
            "tags_all": {
              "ManagedBy": "Terraform",
              "Project": "proj03-import-lambda",
              "lambda-console:blueprint": "hello-world"
            },
            "timeout": 3,
            "timeouts": null,
            "tracing_config": [
              {
                "mode": "PassThrough"
              }
            ],
            "version": "$LATEST",
            "vpc_config": []
          },
          "sensitive_attributes": [],
          "private": "eyJlMmJmYjczMC1lY2FhLTExZTYtOGY4OC0zNDM2M2JjN2M0YzAiOnsiY3JlYXRlIjo2MDAwMDAwMDAwMDAsImRlbGV0ZSI6NjAwMDAwMDAwMDAwLCJ1cGRhdGUiOjYwMDAwMDAwMDAwMH19",
          "dependencies": [
            "aws_cloudwatch_log_group.lambda",
            "aws_iam_role.lambda_execution_role",
            "data.archive_file.lambda_code",
            "data.aws_iam_policy_document.assume_lambda_execution_role"
          ]
        }
      ]
    },
    {
      "mode": "managed",
      "type": "aws_lambda_function_url",
      "name": "this",
      "provider": "provider[\"registry.terraform.io/hashicorp/aws\"]",
      "instances": [
        {
          "schema_version": 0,
          "attributes": {
            "authorization_type": "NONE",
            "cors": [],
            "function_arn": "arn:aws:lambda:us-east-1:454292364057:function:manually-created-lambda",
            "function_name": "manually-created-lambda",
            "function_url": "https://a2o3zyvrqnisoowjhib7y4nrne0wyqxr.lambda-url.us-east-1.on.aws/",
            "id": "manually-created-lambda",
            "invoke_mode": "BUFFERED",
            "qualifier": "",
            "timeouts": null,
            "url_id": "a2o3zyvrqnisoowjhib7y4nrne0wyqxr"
          },
          "sensitive_attributes": [],
          "private": "eyJlMmJmYjczMC1lY2FhLTExZTYtOGY4OC0zNDM2M2JjN2M0YzAiOnsiY3JlYXRlIjo2MDAwMDAwMDAwMDB9fQ==",
          "dependencies": [
            "aws_cloudwatch_log_group.lambda",
            "aws_iam_role.lambda_execution_role",
            "aws_lambda_function.this",
            "data.archive_file.lambda_code",
            "data.aws_iam_policy_document.assume_lambda_execution_role"
          ]
        }
      ]
    }
  ],
  "check_results": null
}
