{
  "version": 4,
  "terraform_version": "1.11.4",
  "serial": 15,
  "lineage": "165f3b70-df5c-e1c2-3403-b25a94810c78",
  "outputs": {
    "s3_bucket_name": {
      "value": "08-input-vars-locals-outputs-9214ad51",
      "type": "string",
      "sensitive": true
    },
    "sensitive_var": {
      "value": "sensitive",
      "type": "string",
      "sensitive": true
    }
  },
  "resources": [
    {
      "mode": "managed",
      "type": "aws_s3_bucket",
      "name": "project_bucket",
      "provider": "provider[\"registry.terraform.io/hashicorp/aws\"]",
      "instances": [
        {
          "schema_version": 0,
          "attributes": {
            "acceleration_status": "",
            "acl": null,
            "arn": "arn:aws:s3:::08-input-vars-locals-outputs-9214ad51",
            "bucket": "08-input-vars-locals-outputs-9214ad51",
            "bucket_domain_name": "08-input-vars-locals-outputs-9214ad51.s3.amazonaws.com",
            "bucket_prefix": "",
            "bucket_regional_domain_name": "08-input-vars-locals-outputs-9214ad51.s3.us-east-1.amazonaws.com",
            "cors_rule": [],
            "force_destroy": false,
            "grant": [
              {
                "id": "ee27aa681109325bd1d84dccc5324684022136bbcd9c94b173cf667976dc5b8f",
                "permissions": [
                  "FULL_CONTROL"
                ],
                "type": "CanonicalUser",
                "uri": ""
              }
            ],
            "hosted_zone_id": "Z3AQBSTGFYJSTF",
            "id": "08-input-vars-locals-outputs-9214ad51",
            "lifecycle_rule": [],
            "logging": [],
            "object_lock_configuration": [],
            "object_lock_enabled": false,
            "policy": "",
            "region": "us-east-1",
            "replication_configuration": [],
            "request_payer": "BucketOwner",
            "server_side_encryption_configuration": [
              {
                "rule": [
                  {
                    "apply_server_side_encryption_by_default": [
                      {
                        "kms_master_key_id": "",
                        "sse_algorithm": "AES256"
                      }
                    ],
                    "bucket_key_enabled": false
                  }
                ]
              }
            ],
            "tags": {
              "ValuesFrom": "terraform.tfvars",
              "cost_center": "1234",
              "managed_by": "Terraform",
              "project": "08-input-vars-locals-outputs",
              "project_owner": "terraform-course",
              "sensitive_tag": "sensitive"
            },
            "tags_all": {
              "ValuesFrom": "terraform.tfvars",
              "cost_center": "1234",
              "managed_by": "Terraform",
              "project": "08-input-vars-locals-outputs",
              "project_owner": "terraform-course",
              "sensitive_tag": "sensitive"
            },
            "timeouts": null,
            "versioning": [
              {
                "enabled": false,
                "mfa_delete": false
              }
            ],
            "website": [],
            "website_domain": null,
            "website_endpoint": null
          },
          "sensitive_attributes": [
            [
              {
                "type": "get_attr",
                "value": "tags"
              },
              {
                "type": "index",
                "value": {
                  "value": "sensitive_tag",
                  "type": "string"
                }
              }
            ]
          ],
          "private": "eyJlMmJmYjczMC1lY2FhLTExZTYtOGY4OC0zNDM2M2JjN2M0YzAiOnsiY3JlYXRlIjoxMjAwMDAwMDAwMDAwLCJkZWxldGUiOjM2MDAwMDAwMDAwMDAsInJlYWQiOjEyMDAwMDAwMDAwMDAsInVwZGF0ZSI6MTIwMDAwMDAwMDAwMH19",
          "dependencies": [
            "random_id.project_bucket_suffix"
          ]
        }
      ]
    },
    {
      "mode": "managed",
      "type": "random_id",
      "name": "project_bucket_suffix",
      "provider": "provider[\"registry.terraform.io/hashicorp/random\"]",
      "instances": [
        {
          "schema_version": 0,
          "attributes": {
            "b64_std": "khStUQ==",
            "b64_url": "khStUQ",
            "byte_length": 4,
            "dec": "2450828625",
            "hex": "9214ad51",
            "id": "khStUQ",
            "keepers": null,
            "prefix": null
          },
          "sensitive_attributes": []
        }
      ]
    }
  ],
  "check_results": [
    {
      "object_kind": "var",
      "config_addr": "var.ec2_instance_type",
      "status": "pass",
      "objects": [
        {
          "object_addr": "var.ec2_instance_type",
          "status": "pass"
        }
      ]
    }
  ]
}
